
Microsoft Visual Studio Solution File, Format Version 12.00
# Visual Studio Version 16
VisualStudioVersion = 16.0.30002.166
MinimumVisualStudioVersion = 10.0.40219.1
Project("{FAE04EC0-301F-11D3-BF4B-00C04F79EFBC}") = "Selenium.Automation.Extensions", "Selenium.Automation.Extensions\Selenium.Automation.Extensions.csproj", "{FA16154F-F0B2-482C-8AA9-8BE69F4A3A4B}"
EndProject
Global
	GlobalSection(SolutionConfigurationPlatforms) = preSolution
		Debug|Any CPU = Debug|Any CPU
		Release|Any CPU = Release|Any CPU
	EndGlobalSection
	GlobalSection(ProjectConfigurationPlatforms) = postSolution
		{FA16154F-F0B2-482C-8AA9-8BE69F4A3A4B}.Debug|Any CPU.ActiveCfg = Debug|Any CPU
		{FA16154F-F0B2-482C-8AA9-8BE69F4A3A4B}.Debug|Any CPU.Build.0 = Debug|Any CPU
		{FA16154F-F0B2-482C-8AA9-8BE69F4A3A4B}.Release|Any CPU.ActiveCfg = Release|Any CPU
		{FA16154F-F0B2-482C-8AA9-8BE69F4A3A4B}.Release|Any CPU.Build.0 = Release|Any CPU
	EndGlobalSection
	GlobalSection(SolutionProperties) = preSolution
		HideSolutionNode = FALSE
	EndGlobalSection
	GlobalSection(ExtensibilityGlobals) = postSolution
		SolutionGuid = {500D4F8D-8C04-4272-8461-152977FF5858}
	EndGlobalSection
EndGlobal
